
Microsoft Visual Studio Solution File, Format Version 12.00
# Visual Studio Version 16
VisualStudioVersion = 16.0.28803.202
MinimumVisualStudioVersion = 10.0.40219.1
Project("{A07B5EB6-E848-4116-A8D0-A826331D98C6}") = "MockApiSfApp", "MockApiSfApp\MockApiSfApp.sfproj", "{46936482-913C-41AA-AA7E-4D52133DE065}"
EndProject
Project("{9A19103F-16F7-4668-BE54-9A1E7A4F7556}") = "MdmDataDistributeApi", "src\MdmDataDistributeApi\MdmDataDistributeApi.csproj", "{10261E41-FCEB-4E92-A4DE-8A907E7CB7E1}"
EndProject
Project("{FAE04EC0-301F-11D3-BF4B-00C04F79EFBC}") = "SmsService", "src\SmsService\SmsService.csproj", "{9B55DE40-32B7-4626-AC68-194849FB0471}"
EndProject
Global
	GlobalSection(SolutionConfigurationPlatforms) = preSolution
		Debug|Any CPU = Debug|Any CPU
		Debug|x64 = Debug|x64
		Release|Any CPU = Release|Any CPU
		Release|x64 = Release|x64
	EndGlobalSection
	GlobalSection(ProjectConfigurationPlatforms) = postSolution
		{46936482-913C-41AA-AA7E-4D52133DE065}.Debug|Any CPU.ActiveCfg = Debug|x64
		{46936482-913C-41AA-AA7E-4D52133DE065}.Debug|x64.ActiveCfg = Debug|x64
		{46936482-913C-41AA-AA7E-4D52133DE065}.Debug|x64.Build.0 = Debug|x64
		{46936482-913C-41AA-AA7E-4D52133DE065}.Debug|x64.Deploy.0 = Debug|x64
		{46936482-913C-41AA-AA7E-4D52133DE065}.Release|Any CPU.ActiveCfg = Release|x64
		{46936482-913C-41AA-AA7E-4D52133DE065}.Release|x64.ActiveCfg = Release|x64
		{46936482-913C-41AA-AA7E-4D52133DE065}.Release|x64.Build.0 = Release|x64
		{46936482-913C-41AA-AA7E-4D52133DE065}.Release|x64.Deploy.0 = Release|x64
		{10261E41-FCEB-4E92-A4DE-8A907E7CB7E1}.Debug|Any CPU.ActiveCfg = Debug|Any CPU
		{10261E41-FCEB-4E92-A4DE-8A907E7CB7E1}.Debug|Any CPU.Build.0 = Debug|Any CPU
		{10261E41-FCEB-4E92-A4DE-8A907E7CB7E1}.Debug|x64.ActiveCfg = Debug|Any CPU
		{10261E41-FCEB-4E92-A4DE-8A907E7CB7E1}.Debug|x64.Build.0 = Debug|Any CPU
		{10261E41-FCEB-4E92-A4DE-8A907E7CB7E1}.Release|Any CPU.ActiveCfg = Release|Any CPU
		{10261E41-FCEB-4E92-A4DE-8A907E7CB7E1}.Release|Any CPU.Build.0 = Release|Any CPU
		{10261E41-FCEB-4E92-A4DE-8A907E7CB7E1}.Release|x64.ActiveCfg = Release|Any CPU
		{10261E41-FCEB-4E92-A4DE-8A907E7CB7E1}.Release|x64.Build.0 = Release|Any CPU
		{9B55DE40-32B7-4626-AC68-194849FB0471}.Debug|Any CPU.ActiveCfg = Debug|Any CPU
		{9B55DE40-32B7-4626-AC68-194849FB0471}.Debug|Any CPU.Build.0 = Debug|Any CPU
		{9B55DE40-32B7-4626-AC68-194849FB0471}.Debug|x64.ActiveCfg = Debug|Any CPU
		{9B55DE40-32B7-4626-AC68-194849FB0471}.Debug|x64.Build.0 = Debug|Any CPU
		{9B55DE40-32B7-4626-AC68-194849FB0471}.Release|Any CPU.ActiveCfg = Release|Any CPU
		{9B55DE40-32B7-4626-AC68-194849FB0471}.Release|Any CPU.Build.0 = Release|Any CPU
		{9B55DE40-32B7-4626-AC68-194849FB0471}.Release|x64.ActiveCfg = Release|Any CPU
		{9B55DE40-32B7-4626-AC68-194849FB0471}.Release|x64.Build.0 = Release|Any CPU
	EndGlobalSection
	GlobalSection(SolutionProperties) = preSolution
		HideSolutionNode = FALSE
	EndGlobalSection
	GlobalSection(ExtensibilityGlobals) = postSolution
		SolutionGuid = {F45D038A-8F9C-49A5-9974-9BDB4BC6DA9F}
	EndGlobalSection
EndGlobal
